
Microsoft Visual Studio Solution File, Format Version 12.00
# Visual Studio Version 16
VisualStudioVersion = 16.0.31129.286
MinimumVisualStudioVersion = 10.0.40219.1
Project("{FAE04EC0-301F-11D3-BF4B-00C04F79EFBC}") = "RealStateAPI", "RealStateAPI\RealStateAPI.csproj", "{2EFFAB2F-0247-4A07-9197-B55BE35DECF8}"
EndProject
Project("{FAE04EC0-301F-11D3-BF4B-00C04F79EFBC}") = "RealStateAPITest", "RealStateAPITest\RealStateAPITest.csproj", "{594FFBF7-1A5F-43BB-BE3A-99D36653910F}"
EndProject
Global
	GlobalSection(SolutionConfigurationPlatforms) = preSolution
		Debug|Any CPU = Debug|Any CPU
		Release|Any CPU = Release|Any CPU
	EndGlobalSection
	GlobalSection(ProjectConfigurationPlatforms) = postSolution
		{2EFFAB2F-0247-4A07-9197-B55BE35DECF8}.Debug|Any CPU.ActiveCfg = Debug|Any CPU
		{2EFFAB2F-0247-4A07-9197-B55BE35DECF8}.Debug|Any CPU.Build.0 = Debug|Any CPU
		{2EFFAB2F-0247-4A07-9197-B55BE35DECF8}.Release|Any CPU.ActiveCfg = Release|Any CPU
		{2EFFAB2F-0247-4A07-9197-B55BE35DECF8}.Release|Any CPU.Build.0 = Release|Any CPU
		{594FFBF7-1A5F-43BB-BE3A-99D36653910F}.Debug|Any CPU.ActiveCfg = Debug|Any CPU
		{594FFBF7-1A5F-43BB-BE3A-99D36653910F}.Debug|Any CPU.Build.0 = Debug|Any CPU
		{594FFBF7-1A5F-43BB-BE3A-99D36653910F}.Release|Any CPU.ActiveCfg = Release|Any CPU
		{594FFBF7-1A5F-43BB-BE3A-99D36653910F}.Release|Any CPU.Build.0 = Release|Any CPU
	EndGlobalSection
	GlobalSection(SolutionProperties) = preSolution
		HideSolutionNode = FALSE
	EndGlobalSection
	GlobalSection(ExtensibilityGlobals) = postSolution
		SolutionGuid = {8D130F52-BA6A-4034-A823-721195041AC1}
	EndGlobalSection
EndGlobal
